{
  "name": "5.6",
  "lockfileVersion": 3,
  "requires": true,
  "packages": {
    "": {
      "dependencies": {
        "types-registry": "^0.1.713"
      }
    },
    "node_modules/types-registry": {
      "version": "0.1.713",
      "resolved": "https://registry.npmjs.org/types-registry/-/types-registry-0.1.713.tgz",
      "integrity": "sha512-0Lny7MX0W6XNrAYSQwZvybHSBBdVWFqR3+XJz+Tec7iajXw81ROdr34SKQW+3GeXy6G8Xez0E7OYcpD1qNVyjw==",
      "license": "MIT"
    }
  }
}
