{
  "name": "5.5",
  "lockfileVersion": 3,
  "requires": true,
  "packages": {
    "": {
      "dependencies": {
        "types-registry": "^0.1.699"
      }
    },
    "node_modules/types-registry": {
      "version": "0.1.699",
      "resolved": "https://registry.npmjs.org/types-registry/-/types-registry-0.1.699.tgz",
      "integrity": "sha512-IAiKo9SapdnbSnk6JnZTT+gWGpPRmwAtxhsWEfFR+yNOQl4ijRy2IBUJFG928u0wwX56P+6R3ZpzcooFFk3Ltg==",
      "license": "MIT"
    }
  }
}
